
Microsoft Visual Studio Solution File, Format Version 12.00
# Visual Studio 15
VisualStudioVersion = 15.0.27703.2018
MinimumVisualStudioVersion = 10.0.40219.1
Project("{FAE04EC0-301F-11D3-BF4B-00C04F79EFBC}") = "RDRHorse", "RDRHorse\RDRHorse.csproj", "{37561F3F-E641-4D0D-AC58-41BEA6A66590}"
EndProject
Global
	GlobalSection(SolutionConfigurationPlatforms) = preSolution
		Debug|Any CPU = Debug|Any CPU
		Release|Any CPU = Release|Any CPU
	EndGlobalSection
	GlobalSection(ProjectConfigurationPlatforms) = postSolution
		{37561F3F-E641-4D0D-AC58-41BEA6A66590}.Debug|Any CPU.ActiveCfg = Debug|Any CPU
		{37561F3F-E641-4D0D-AC58-41BEA6A66590}.Debug|Any CPU.Build.0 = Debug|Any CPU
		{37561F3F-E641-4D0D-AC58-41BEA6A66590}.Release|Any CPU.ActiveCfg = Release|Any CPU
		{37561F3F-E641-4D0D-AC58-41BEA6A66590}.Release|Any CPU.Build.0 = Release|Any CPU
	EndGlobalSection
	GlobalSection(SolutionProperties) = preSolution
		HideSolutionNode = FALSE
	EndGlobalSection
	GlobalSection(ExtensibilityGlobals) = postSolution
		SolutionGuid = {65293691-B430-4ADF-A179-F4B9DD3EDE8E}
	EndGlobalSection
EndGlobal
